PODS:
  - AsyncSwift (1.6.4)
  - AutoLayoutBuilder (2.0.0)
  - Nimble (3.0.0)
  - SwiftDate (2.0.2)

DEPENDENCIES:
  - AsyncSwift
  - AutoLayoutBuilder
  - Nimble
  - SwiftDate

SPEC CHECKSUMS:
  AsyncSwift: 3c90beed237324f1b57e1f1c414dc5501985d208
  AutoLayoutBuilder: 804386e9c2615f244551a6839b8d0aa68ca46f62
  Nimble: 4c353d43735b38b545cbb4cb91504588eb5de926
  SwiftDate: b4f4d0962afe48365ad2800c9850a6626deb9359

PODFILE CHECKSUM: 0b6e3c51ed89d76a40eba98405e44d84434de6d8

COCOAPODS: 1.0.1
